version = 1
requires-python = ">=3.12"

[[package]]
name = "beautifulsoup4"
version = "4.12.3"
source = { registry = "https://pypi.org/simple" }
dependencies = [
    { name = "soupsieve" },
]
sdist = { url = "https://files.pythonhosted.org/packages/b3/ca/824b1195773ce6166d388573fc106ce56d4a805bd7427b624e063596ec58/beautifulsoup4-4.12.3.tar.gz", hash = "sha256:74e3d1928edc070d21748185c46e3fb33490f22f52a3addee9aee0f4f7781051", size = 581181 }
wheels = [
    { url = "https://files.pythonhosted.org/packages/b1/fe/e8c672695b37eecc5cbf43e1d0638d88d66ba3a44c4d321c796f4e59167f/beautifulsoup4-4.12.3-py3-none-any.whl", hash = "sha256:b80878c9f40111313e55da8ba20bdba06d8fa3969fc68304167741bbf9e082ed", size = 147925 },
]

[[package]]
name = "bs4"
version = "0.0.2"
source = { registry = "https://pypi.org/simple" }
dependencies = [
    { name = "beautifulsoup4" },
]
sdist = { url = "https://files.pythonhosted.org/packages/c9/aa/4acaf814ff901145da37332e05bb510452ebed97bc9602695059dd46ef39/bs4-0.0.2.tar.gz", hash = "sha256:a48685c58f50fe127722417bae83fe6badf500d54b55f7e39ffe43b798653925", size = 698 }
wheels = [
    { url = "https://files.pythonhosted.org/packages/51/bb/bf7aab772a159614954d84aa832c129624ba6c32faa559dfb200a534e50b/bs4-0.0.2-py2.py3-none-any.whl", hash = "sha256:abf8742c0805ef7f662dce4b51cca104cffe52b835238afc169142ab9b3fbccc", size = 1189 },
]

[[package]]
name = "certifi"
version = "2024.8.30"
source = { registry = "https://pypi.org/simple" }
sdist = { url = "https://files.pythonhosted.org/packages/b0/ee/9b19140fe824b367c04c5e1b369942dd754c4c5462d5674002f75c4dedc1/certifi-2024.8.30.tar.gz", hash = "sha256:bec941d2aa8195e248a60b31ff9f0558284cf01a52591ceda73ea9afffd69fd9", size = 168507 }
wheels = [
    { url = "https://files.pythonhosted.org/packages/12/90/3c9ff0512038035f59d279fddeb79f5f1eccd8859f06d6163c58798b9487/certifi-2024.8.30-py3-none-any.whl", hash = "sha256:922820b53db7a7257ffbda3f597266d435245903d80737e34f8a45ff3e3230d8", size = 167321 },
]

[[package]]
name = "cffi"
version = "1.17.1"
source = { registry = "https://pypi.org/simple" }
dependencies = [
    { name = "pycparser" },
]
sdist = { url = "https://files.pythonhosted.org/packages/fc/97/c783634659c2920c3fc70419e3af40972dbaf758daa229a7d6ea6135c90d/cffi-1.17.1.tar.gz", hash = "sha256:1c39c6016c32bc48dd54561950ebd6836e1670f2ae46128f67cf49e789c52824", size = 516621 }
wheels = [
    { url = "https://files.pythonhosted.org/packages/5a/84/e94227139ee5fb4d600a7a4927f322e1d4aea6fdc50bd3fca8493caba23f/cffi-1.17.1-cp312-cp312-macosx_10_9_x86_64.whl", hash = "sha256:805b4371bf7197c329fcb3ead37e710d1bca9da5d583f5073b799d5c5bd1eee4", size = 183178 },
    { url = "https://files.pythonhosted.org/packages/da/ee/fb72c2b48656111c4ef27f0f91da355e130a923473bf5ee75c5643d00cca/cffi-1.17.1-cp312-cp312-macosx_11_0_arm64.whl", hash = "sha256:733e99bc2df47476e3848417c5a4540522f234dfd4ef3ab7fafdf555b082ec0c", size = 178840 },
    { url = "https://files.pythonhosted.org/packages/cc/b6/db007700f67d151abadf508cbfd6a1884f57eab90b1bb985c4c8c02b0f28/cffi-1.17.1-cp312-cp312-manylinux_2_12_i686.manylinux2010_i686.manylinux_2_17_i686.manylinux2014_i686.whl", hash = "sha256:1257bdabf294dceb59f5e70c64a3e2f462c30c7ad68092d01bbbfb1c16b1ba36", size = 454803 },
    { url = "https://files.pythonhosted.org/packages/1a/df/f8d151540d8c200eb1c6fba8cd0dfd40904f1b0682ea705c36e6c2e97ab3/cffi-1.17.1-cp312-cp312-manylinux_2_17_aarch64.manylinux2014_aarch64.whl", hash = "sha256:da95af8214998d77a98cc14e3a3bd00aa191526343078b530ceb0bd710fb48a5", size = 478850 },
    { url = "https://files.pythonhosted.org/packages/28/c0/b31116332a547fd2677ae5b78a2ef662dfc8023d67f41b2a83f7c2aa78b1/cffi-1.17.1-cp312-cp312-manylinux_2_17_ppc64le.manylinux2014_ppc64le.whl", hash = "sha256:d63afe322132c194cf832bfec0dc69a99fb9bb6bbd550f161a49e9e855cc78ff", size = 485729 },
    { url = "https://files.pythonhosted.org/packages/91/2b/9a1ddfa5c7f13cab007a2c9cc295b70fbbda7cb10a286aa6810338e60ea1/cffi-1.17.1-cp312-cp312-manylinux_2_17_s390x.manylinux2014_s390x.whl", hash = "sha256:f79fc4fc25f1c8698ff97788206bb3c2598949bfe0fef03d299eb1b5356ada99", size = 471256 },
    { url = "https://files.pythonhosted.org/packages/b2/d5/da47df7004cb17e4955df6a43d14b3b4ae77737dff8bf7f8f333196717bf/cffi-1.17.1-cp312-cp312-manylinux_2_17_x86_64.manylinux2014_x86_64.whl", hash = "sha256:b62ce867176a75d03a665bad002af8e6d54644fad99a3c70905c543130e39d93", size = 479424 },
    { url = "https://files.pythonhosted.org/packages/0b/ac/2a28bcf513e93a219c8a4e8e125534f4f6db03e3179ba1c45e949b76212c/cffi-1.17.1-cp312-cp312-musllinux_1_1_aarch64.whl", hash = "sha256:386c8bf53c502fff58903061338ce4f4950cbdcb23e2902d86c0f722b786bbe3", size = 484568 },
    { url = "https://files.pythonhosted.org/packages/d4/38/ca8a4f639065f14ae0f1d9751e70447a261f1a30fa7547a828ae08142465/cffi-1.17.1-cp312-cp312-musllinux_1_1_x86_64.whl", hash = "sha256:4ceb10419a9adf4460ea14cfd6bc43d08701f0835e979bf821052f1805850fe8", size = 488736 },
    { url = "https://files.pythonhosted.org/packages/86/c5/28b2d6f799ec0bdecf44dced2ec5ed43e0eb63097b0f58c293583b406582/cffi-1.17.1-cp312-cp312-win32.whl", hash = "sha256:a08d7e755f8ed21095a310a693525137cfe756ce62d066e53f502a83dc550f65", size = 172448 },
    { url = "https://files.pythonhosted.org/packages/50/b9/db34c4755a7bd1cb2d1603ac3863f22bcecbd1ba29e5ee841a4bc510b294/cffi-1.17.1-cp312-cp312-win_amd64.whl", hash = "sha256:51392eae71afec0d0c8fb1a53b204dbb3bcabcb3c9b807eedf3e1e6ccf2de903", size = 181976 },
    { url = "https://files.pythonhosted.org/packages/8d/f8/dd6c246b148639254dad4d6803eb6a54e8c85c6e11ec9df2cffa87571dbe/cffi-1.17.1-cp313-cp313-macosx_10_13_x86_64.whl", hash = "sha256:f3a2b4222ce6b60e2e8b337bb9596923045681d71e5a082783484d845390938e", size = 182989 },
    { url = "https://files.pythonhosted.org/packages/8b/f1/672d303ddf17c24fc83afd712316fda78dc6fce1cd53011b839483e1ecc8/cffi-1.17.1-cp313-cp313-macosx_11_0_arm64.whl", hash = "sha256:0984a4925a435b1da406122d4d7968dd861c1385afe3b45ba82b750f229811e2", size = 178802 },
    { url = "https://files.pythonhosted.org/packages/0e/2d/eab2e858a91fdff70533cab61dcff4a1f55ec60425832ddfdc9cd36bc8af/cffi-1.17.1-cp313-cp313-manylinux_2_12_i686.manylinux2010_i686.manylinux_2_17_i686.manylinux2014_i686.whl", hash = "sha256:d01b12eeeb4427d3110de311e1774046ad344f5b1a7403101878976ecd7a10f3", size = 454792 },
    { url = "https://files.pythonhosted.org/packages/75/b2/fbaec7c4455c604e29388d55599b99ebcc250a60050610fadde58932b7ee/cffi-1.17.1-cp313-cp313-manylinux_2_17_aarch64.manylinux2014_aarch64.whl", hash = "sha256:706510fe141c86a69c8ddc029c7910003a17353970cff3b904ff0686a5927683", size = 478893 },
    { url = "https://files.pythonhosted.org/packages/4f/b7/6e4a2162178bf1935c336d4da8a9352cccab4d3a5d7914065490f08c0690/cffi-1.17.1-cp313-cp313-manylinux_2_17_ppc64le.manylinux2014_ppc64le.whl", hash = "sha256:de55b766c7aa2e2a3092c51e0483d700341182f08e67c63630d5b6f200bb28e5", size = 485810 },
    { url = "https://files.pythonhosted.org/packages/c7/8a/1d0e4a9c26e54746dc08c2c6c037889124d4f59dffd853a659fa545f1b40/cffi-1.17.1-cp313-cp313-manylinux_2_17_s390x.manylinux2014_s390x.whl", hash = "sha256:c59d6e989d07460165cc5ad3c61f9fd8f1b4796eacbd81cee78957842b834af4", size = 471200 },
    { url = "https://files.pythonhosted.org/packages/26/9f/1aab65a6c0db35f43c4d1b4f580e8df53914310afc10ae0397d29d697af4/cffi-1.17.1-cp313-cp313-manylinux_2_17_x86_64.manylinux2014_x86_64.whl", hash = "sha256:dd398dbc6773384a17fe0d3e7eeb8d1a21c2200473ee6806bb5e6a8e62bb73dd", size = 479447 },
    { url = "https://files.pythonhosted.org/packages/5f/e4/fb8b3dd8dc0e98edf1135ff067ae070bb32ef9d509d6cb0f538cd6f7483f/cffi-1.17.1-cp313-cp313-musllinux_1_1_aarch64.whl", hash = "sha256:3edc8d958eb099c634dace3c7e16560ae474aa3803a5df240542b305d14e14ed", size = 484358 },
    { url = "https://files.pythonhosted.org/packages/f1/47/d7145bf2dc04684935d57d67dff9d6d795b2ba2796806bb109864be3a151/cffi-1.17.1-cp313-cp313-musllinux_1_1_x86_64.whl", hash = "sha256:72e72408cad3d5419375fc87d289076ee319835bdfa2caad331e377589aebba9", size = 488469 },
    { url = "https://files.pythonhosted.org/packages/bf/ee/f94057fa6426481d663b88637a9a10e859e492c73d0384514a17d78ee205/cffi-1.17.1-cp313-cp313-win32.whl", hash = "sha256:e03eab0a8677fa80d646b5ddece1cbeaf556c313dcfac435ba11f107ba117b5d", size = 172475 },
    { url = "https://files.pythonhosted.org/packages/7c/fc/6a8cb64e5f0324877d503c854da15d76c1e50eb722e320b15345c4d0c6de/cffi-1.17.1-cp313-cp313-win_amd64.whl", hash = "sha256:f6a16c31041f09ead72d69f583767292f750d24913dadacf5756b966aacb3f1a", size = 182009 },
]

[[package]]
name = "charset-normalizer"
version = "3.4.0"
source = { registry = "https://pypi.org/simple" }
sdist = { url = "https://files.pythonhosted.org/packages/f2/4f/e1808dc01273379acc506d18f1504eb2d299bd4131743b9fc54d7be4df1e/charset_normalizer-3.4.0.tar.gz", hash = "sha256:223217c3d4f82c3ac5e29032b3f1c2eb0fb591b72161f86d93f5719079dae93e", size = 106620 }
wheels = [
    { url = "https://files.pythonhosted.org/packages/d3/0b/4b7a70987abf9b8196845806198975b6aab4ce016632f817ad758a5aa056/charset_normalizer-3.4.0-cp312-cp312-macosx_10_13_universal2.whl", hash = "sha256:0713f3adb9d03d49d365b70b84775d0a0d18e4ab08d12bc46baa6132ba78aaf6", size = 194445 },
    { url = "https://files.pythonhosted.org/packages/50/89/354cc56cf4dd2449715bc9a0f54f3aef3dc700d2d62d1fa5bbea53b13426/charset_normalizer-3.4.0-cp312-cp312-macosx_10_13_x86_64.whl", hash = "sha256:de7376c29d95d6719048c194a9cf1a1b0393fbe8488a22008610b0361d834ecf", size = 125275 },
    { url = "https://files.pythonhosted.org/packages/fa/44/b730e2a2580110ced837ac083d8ad222343c96bb6b66e9e4e706e4d0b6df/charset_normalizer-3.4.0-cp312-cp312-macosx_11_0_arm64.whl", hash = "sha256:4a51b48f42d9358460b78725283f04bddaf44a9358197b889657deba38f329db", size = 119020 },
    { url = "https://files.pythonhosted.org/packages/9d/e4/9263b8240ed9472a2ae7ddc3e516e71ef46617fe40eaa51221ccd4ad9a27/charset_normalizer-3.4.0-cp312-cp312-manylinux_2_17_aarch64.manylinux2014_aarch64.whl", hash = "sha256:b295729485b06c1a0683af02a9e42d2caa9db04a373dc38a6a58cdd1e8abddf1", size = 139128 },
    { url = "https://files.pythonhosted.org/packages/6b/e3/9f73e779315a54334240353eaea75854a9a690f3f580e4bd85d977cb2204/charset_normalizer-3.4.0-cp312-cp312-manylinux_2_17_ppc64le.manylinux2014_ppc64le.whl", hash = "sha256:ee803480535c44e7f5ad00788526da7d85525cfefaf8acf8ab9a310000be4b03", size = 149277 },
    { url = "https://files.pythonhosted.org/packages/1a/cf/f1f50c2f295312edb8a548d3fa56a5c923b146cd3f24114d5adb7e7be558/charset_normalizer-3.4.0-cp312-cp312-manylinux_2_17_s390x.manylinux2014_s390x.whl", hash = "sha256:3d59d125ffbd6d552765510e3f31ed75ebac2c7470c7274195b9161a32350284", size = 142174 },
    { url = "https://files.pythonhosted.org/packages/16/92/92a76dc2ff3a12e69ba94e7e05168d37d0345fa08c87e1fe24d0c2a42223/charset_normalizer-3.4.0-cp312-cp312-manylinux_2_17_x86_64.manylinux2014_x86_64.whl", hash = "sha256:8cda06946eac330cbe6598f77bb54e690b4ca93f593dee1568ad22b04f347c15", size = 143838 },
    { url = "https://files.pythonhosted.org/packages/a4/01/2117ff2b1dfc61695daf2babe4a874bca328489afa85952440b59819e9d7/charset_normalizer-3.4.0-cp312-cp312-manylinux_2_5_i686.manylinux1_i686.manylinux_2_17_i686.manylinux2014_i686.whl", hash = "sha256:07afec21bbbbf8a5cc3651aa96b980afe2526e7f048fdfb7f1014d84acc8b6d8", size = 146149 },
    { url = "https://files.pythonhosted.org/packages/f6/9b/93a332b8d25b347f6839ca0a61b7f0287b0930216994e8bf67a75d050255/charset_normalizer-3.4.0-cp312-cp312-musllinux_1_2_aarch64.whl", hash = "sha256:6b40e8d38afe634559e398cc32b1472f376a4099c75fe6299ae607e404c033b2", size = 140043 },
    { url = "https://files.pythonhosted.org/packages/ab/f6/7ac4a01adcdecbc7a7587767c776d53d369b8b971382b91211489535acf0/charset_normalizer-3.4.0-cp312-cp312-musllinux_1_2_i686.whl", hash = "sha256:b8dcd239c743aa2f9c22ce674a145e0a25cb1566c495928440a181ca1ccf6719", size = 148229 },
    { url = "https://files.pythonhosted.org/packages/9d/be/5708ad18161dee7dc6a0f7e6cf3a88ea6279c3e8484844c0590e50e803ef/charset_normalizer-3.4.0-cp312-cp312-musllinux_1_2_ppc64le.whl", hash = "sha256:84450ba661fb96e9fd67629b93d2941c871ca86fc38d835d19d4225ff946a631", size = 151556 },
    { url = "https://files.pythonhosted.org/packages/5a/bb/3d8bc22bacb9eb89785e83e6723f9888265f3a0de3b9ce724d66bd49884e/charset_normalizer-3.4.0-cp312-cp312-musllinux_1_2_s390x.whl", hash = "sha256:44aeb140295a2f0659e113b31cfe92c9061622cadbc9e2a2f7b8ef6b1e29ef4b", size = 149772 },
    { url = "https://files.pythonhosted.org/packages/f7/fa/d3fc622de05a86f30beea5fc4e9ac46aead4731e73fd9055496732bcc0a4/charset_normalizer-3.4.0-cp312-cp312-musllinux_1_2_x86_64.whl", hash = "sha256:1db4e7fefefd0f548d73e2e2e041f9df5c59e178b4c72fbac4cc6f535cfb1565", size = 144800 },
    { url = "https://files.pythonhosted.org/packages/9a/65/bdb9bc496d7d190d725e96816e20e2ae3a6fa42a5cac99c3c3d6ff884118/charset_normalizer-3.4.0-cp312-cp312-win32.whl", hash = "sha256:5726cf76c982532c1863fb64d8c6dd0e4c90b6ece9feb06c9f202417a31f7dd7", size = 94836 },
    { url = "https://files.pythonhosted.org/packages/3e/67/7b72b69d25b89c0b3cea583ee372c43aa24df15f0e0f8d3982c57804984b/charset_normalizer-3.4.0-cp312-cp312-win_amd64.whl", hash = "sha256:b197e7094f232959f8f20541ead1d9862ac5ebea1d58e9849c1bf979255dfac9", size = 102187 },
    { url = "https://files.pythonhosted.org/packages/f3/89/68a4c86f1a0002810a27f12e9a7b22feb198c59b2f05231349fbce5c06f4/charset_normalizer-3.4.0-cp313-cp313-macosx_10_13_universal2.whl", hash = "sha256:dd4eda173a9fcccb5f2e2bd2a9f423d180194b1bf17cf59e3269899235b2a114", size = 194617 },
    { url = "https://files.pythonhosted.org/packages/4f/cd/8947fe425e2ab0aa57aceb7807af13a0e4162cd21eee42ef5b053447edf5/charset_normalizer-3.4.0-cp313-cp313-macosx_10_13_x86_64.whl", hash = "sha256:e9e3c4c9e1ed40ea53acf11e2a386383c3304212c965773704e4603d589343ed", size = 125310 },
    { url = "https://files.pythonhosted.org/packages/5b/f0/b5263e8668a4ee9becc2b451ed909e9c27058337fda5b8c49588183c267a/charset_normalizer-3.4.0-cp313-cp313-macosx_11_0_arm64.whl", hash = "sha256:92a7e36b000bf022ef3dbb9c46bfe2d52c047d5e3f3343f43204263c5addc250", size = 119126 },
    { url = "https://files.pythonhosted.org/packages/ff/6e/e445afe4f7fda27a533f3234b627b3e515a1b9429bc981c9a5e2aa5d97b6/charset_normalizer-3.4.0-cp313-cp313-manylinux_2_17_aarch64.manylinux2014_aarch64.whl", hash = "sha256:54b6a92d009cbe2fb11054ba694bc9e284dad30a26757b1e372a1fdddaf21920", size = 139342 },
    { url = "https://files.pythonhosted.org/packages/a1/b2/4af9993b532d93270538ad4926c8e37dc29f2111c36f9c629840c57cd9b3/charset_normalizer-3.4.0-cp313-cp313-manylinux_2_17_ppc64le.manylinux2014_ppc64le.whl", hash = "sha256:1ffd9493de4c922f2a38c2bf62b831dcec90ac673ed1ca182fe11b4d8e9f2a64", size = 149383 },
    { url = "https://files.pythonhosted.org/packages/fb/6f/4e78c3b97686b871db9be6f31d64e9264e889f8c9d7ab33c771f847f79b7/charset_normalizer-3.4.0-cp313-cp313-manylinux_2_17_s390x.manylinux2014_s390x.whl", hash = "sha256:35c404d74c2926d0287fbd63ed5d27eb911eb9e4a3bb2c6d294f3cfd4a9e0c23", size = 142214 },
    { url = "https://files.pythonhosted.org/packages/2b/c9/1c8fe3ce05d30c87eff498592c89015b19fade13df42850aafae09e94f35/charset_normalizer-3.4.0-cp313-cp313-manylinux_2_17_x86_64.manylinux2014_x86_64.whl", hash = "sha256:4796efc4faf6b53a18e3d46343535caed491776a22af773f366534056c4e1fbc", size = 144104 },
    { url = "https://files.pythonhosted.org/packages/ee/68/efad5dcb306bf37db7db338338e7bb8ebd8cf38ee5bbd5ceaaaa46f257e6/charset_normalizer-3.4.0-cp313-cp313-manylinux_2_5_i686.manylinux1_i686.manylinux_2_17_i686.manylinux2014_i686.whl", hash = "sha256:e7fdd52961feb4c96507aa649550ec2a0d527c086d284749b2f582f2d40a2e0d", size = 146255 },
    { url = "https://files.pythonhosted.org/packages/0c/75/1ed813c3ffd200b1f3e71121c95da3f79e6d2a96120163443b3ad1057505/charset_normalizer-3.4.0-cp313-cp313-musllinux_1_2_aarch64.whl", hash = "sha256:92db3c28b5b2a273346bebb24857fda45601aef6ae1c011c0a997106581e8a88", size = 140251 },
    { url = "https://files.pythonhosted.org/packages/7d/0d/6f32255c1979653b448d3c709583557a4d24ff97ac4f3a5be156b2e6a210/charset_normalizer-3.4.0-cp313-cp313-musllinux_1_2_i686.whl", hash = "sha256:ab973df98fc99ab39080bfb0eb3a925181454d7c3ac8a1e695fddfae696d9e90", size = 148474 },
    { url = "https://files.pythonhosted.org/packages/ac/a0/c1b5298de4670d997101fef95b97ac440e8c8d8b4efa5a4d1ef44af82f0d/charset_normalizer-3.4.0-cp313-cp313-musllinux_1_2_ppc64le.whl", hash = "sha256:4b67fdab07fdd3c10bb21edab3cbfe8cf5696f453afce75d815d9d7223fbe88b", size = 151849 },
    { url = "https://files.pythonhosted.org/packages/04/4f/b3961ba0c664989ba63e30595a3ed0875d6790ff26671e2aae2fdc28a399/charset_normalizer-3.4.0-cp313-cp313-musllinux_1_2_s390x.whl", hash = "sha256:aa41e526a5d4a9dfcfbab0716c7e8a1b215abd3f3df5a45cf18a12721d31cb5d", size = 149781 },
    { url = "https://files.pythonhosted.org/packages/d8/90/6af4cd042066a4adad58ae25648a12c09c879efa4849c705719ba1b23d8c/charset_normalizer-3.4.0-cp313-cp313-musllinux_1_2_x86_64.whl", hash = "sha256:ffc519621dce0c767e96b9c53f09c5d215578e10b02c285809f76509a3931482", size = 144970 },
    { url = "https://files.pythonhosted.org/packages/cc/67/e5e7e0cbfefc4ca79025238b43cdf8a2037854195b37d6417f3d0895c4c2/charset_normalizer-3.4.0-cp313-cp313-win32.whl", hash = "sha256:f19c1585933c82098c2a520f8ec1227f20e339e33aca8fa6f956f6691b784e67", size = 94973 },
    { url = "https://files.pythonhosted.org/packages/65/97/fc9bbc54ee13d33dc54a7fcf17b26368b18505500fc01e228c27b5222d80/charset_normalizer-3.4.0-cp313-cp313-win_amd64.whl", hash = "sha256:707b82d19e65c9bd28b81dde95249b07bf9f5b90ebe1ef17d9b57473f8a64b7b", size = 102308 },
    { url = "https://files.pythonhosted.org/packages/bf/9b/08c0432272d77b04803958a4598a51e2a4b51c06640af8b8f0f908c18bf2/charset_normalizer-3.4.0-py3-none-any.whl", hash = "sha256:fe9f97feb71aa9896b81973a7bbada8c49501dc73e58a10fcef6663af95e5079", size = 49446 },
]

[[package]]
name = "curl-cffi"
version = "0.7.4"
source = { registry = "https://pypi.org/simple" }
dependencies = [
    { name = "certifi" },
    { name = "cffi" },
    { name = "typing-extensions" },
]
sdist = { url = "https://files.pythonhosted.org/packages/d8/b6/81ea20376e1440a2bcb0f0574c158bccb0948621e437f5634b6fc210d2ba/curl_cffi-0.7.4.tar.gz", hash = "sha256:37a2c8ec77b9914b0c14c74f604991751948d9d5def58fcddcbe73e3b62111c1", size = 137276 }
wheels = [
    { url = "https://files.pythonhosted.org/packages/d1/c7/f2133c98a9956baa720dc775ba43b2cf7bf22b0feb0f921aab9bbeb2b58c/curl_cffi-0.7.4-cp38-abi3-macosx_10_9_x86_64.whl", hash = "sha256:417f5264fa746d2680ebb20fbfbcfe5d77fa11a735548d9db6734e839a238e22", size = 5106509 },
    { url = "https://files.pythonhosted.org/packages/29/e9/141ff25c5e35f4afc998cf60134df94e0a9157427da69d6ee1d2a045c554/curl_cffi-0.7.4-cp38-abi3-macosx_11_0_arm64.whl", hash = "sha256:fb76b654fcf9f3e0400cf13be949e4fc525aeb0f9e2e90e61ae48d5bd8557d25", size = 2564082 },
    { url = "https://files.pythonhosted.org/packages/66/c4/442094831e7017347e866809bfba29f116864a046478e013848f272ba7b7/curl_cffi-0.7.4-cp38-abi3-manylinux_2_17_aarch64.manylinux2014_aarch64.whl", hash = "sha256:bb9db59b164f2b6be65be62add5896a6fe125c52572aca3046caffbd7eb38f46", size = 5716431 },
    { url = "https://files.pythonhosted.org/packages/99/95/6ac63d489167f712bdc14a2cfbe5df252a2e2e95c5b376ea37bda5646fa8/curl_cffi-0.7.4-cp38-abi3-manylinux_2_17_i686.manylinux2014_i686.whl", hash = "sha256:4593b120c8101b327e4e2d2c278652c5ef58c42dd39dc4586c2789e42a8bc8b1", size = 5521870 },
    { url = "https://files.pythonhosted.org/packages/06/83/2de6b27ba8b3ac394252cadb8783f5c57219068489456d8bb58a180d4aa6/curl_cffi-0.7.4-cp38-abi3-manylinux_2_17_x86_64.manylinux2014_x86_64.whl", hash = "sha256:c4b5685fab3984aae559e6590a6434a7e34f5d615c562c29c1554a90fffbf0bd", size = 6076887 },
    { url = "https://files.pythonhosted.org/packages/86/1d/29b2cf2b7c82c61aeff0076b02531b49420beb5fa89c5a0529f5c06480fe/curl_cffi-0.7.4-cp38-abi3-musllinux_1_1_aarch64.whl", hash = "sha256:3f8c19b5ca979e806fcf4de24f606eff745c85b43e9e88956d1db3c07516cc4b", size = 6221911 },
    { url = "https://files.pythonhosted.org/packages/1b/7e/a9ba49576373e26169e163878cbb8d4e02cfabf3694c686e22243c12f0dd/curl_cffi-0.7.4-cp38-abi3-musllinux_1_1_x86_64.whl", hash = "sha256:9957464013b1f76b0e9259ab846fa60faef7ff08e96e7a1764dd63c83005b836", size = 6004845 },
    { url = "https://files.pythonhosted.org/packages/c8/d3/79175cf310f0b1c7149e5a2f25cba997aec83a2bcedc85c744a6456e33af/curl_cffi-0.7.4-cp38-abi3-win32.whl", hash = "sha256:8e9019cf6996bf508e4a51751d7217f22d5902405878679a3ac4757159251741", size = 4188474 },
    { url = "https://files.pythonhosted.org/packages/1c/86/6054fcc3fd28ec024ad36a667fa49a05b0c9caf26724186918b7c0ef8217/curl_cffi-0.7.4-cp38-abi3-win_amd64.whl", hash = "sha256:31a80d5ab1bc0f9d4bc0f98d91dc1a3ed4aa08566f21b76ecfde23ece08e0fa9", size = 3993713 },
]

[[package]]
name = "idna"
version = "3.10"
source = { registry = "https://pypi.org/simple" }
sdist = { url = "https://files.pythonhosted.org/packages/f1/70/7703c29685631f5a7590aa73f1f1d3fa9a380e654b86af429e0934a32f7d/idna-3.10.tar.gz", hash = "sha256:12f65c9b470abda6dc35cf8e63cc574b1c52b11df2c86030af0ac09b01b13ea9", size = 190490 }
wheels = [
    { url = "https://files.pythonhosted.org/packages/76/c6/c88e154df9c4e1a2a66ccf0005a88dfb2650c1dffb6f5ce603dfbd452ce3/idna-3.10-py3-none-any.whl", hash = "sha256:946d195a0d259cbba61165e88e65941f16e9b36ea6ddb97f00452bae8b1287d3", size = 70442 },
]

[[package]]
name = "learning-python"
version = "0.1.0"
source = { virtual = "." }
dependencies = [
    { name = "bs4" },
    { name = "curl-cffi" },
    { name = "pygame-ce" },
    { name = "pyqt6" },
    { name = "pyside6" },
    { name = "requests" },
]

[package.metadata]
requires-dist = [
    { name = "bs4", specifier = ">=0.0.2" },
    { name = "curl-cffi", specifier = ">=0.7.4" },
    { name = "pygame-ce", specifier = ">=2.5.2" },
    { name = "pyqt6", specifier = ">=6.8.0" },
    { name = "pyside6", specifier = ">=6.8.1" },
    { name = "requests", specifier = ">=2.32.3" },
]

[[package]]
name = "pycparser"
version = "2.22"
source = { registry = "https://pypi.org/simple" }
sdist = { url = "https://files.pythonhosted.org/packages/1d/b2/31537cf4b1ca988837256c910a668b553fceb8f069bedc4b1c826024b52c/pycparser-2.22.tar.gz", hash = "sha256:491c8be9c040f5390f5bf44a5b07752bd07f56edf992381b05c701439eec10f6", size = 172736 }
wheels = [
    { url = "https://files.pythonhosted.org/packages/13/a3/a812df4e2dd5696d1f351d58b8fe16a405b234ad2886a0dab9183fb78109/pycparser-2.22-py3-none-any.whl", hash = "sha256:c3702b6d3dd8c7abc1afa565d7e63d53a1d0bd86cdc24edd75470f4de499cfcc", size = 117552 },
]

[[package]]
name = "pygame-ce"
version = "2.5.2"
source = { registry = "https://pypi.org/simple" }
sdist = { url = "https://files.pythonhosted.org/packages/72/77/1dbadd1ad699622143df5b157d31cdc6bf28060bc0c1dea4ce70620d10ce/pygame_ce-2.5.2.tar.gz", hash = "sha256:4c6729df05d013bb8f1ab50165506f1649077cc632d16167d5c493c69673cad9", size = 6966336 }
wheels = [
    { url = "https://files.pythonhosted.org/packages/5b/a8/c5fe4a422c7d2e589d515af3b2d394b932db400de380329c31ab56be1ef5/pygame_ce-2.5.2-cp312-cp312-macosx_10_13_x86_64.whl", hash = "sha256:f69de2c294daba34c95ef11446ee605fd4e6599068810660811fb96e08c7f123", size = 13646940 },
    { url = "https://files.pythonhosted.org/packages/20/c9/67768aa9557ff8dc0d6b67f71871ef53f048848e7919e9e7e326aecba073/pygame_ce-2.5.2-cp312-cp312-macosx_11_0_arm64.whl", hash = "sha256:fae0032ab06e44ccc94fd835e32df7130d31876e28a067923eccebdf41906c33", size = 12916105 },
    { url = "https://files.pythonhosted.org/packages/7f/01/e75918cee1b02dff0d3ac61c34c77410db1b51df1dafbfd107a902635eda/pygame_ce-2.5.2-cp312-cp312-manylinux_2_17_aarch64.manylinux2014_aarch64.whl", hash = "sha256:e97479753f303e481d210f44d2df48d81cb86da5b6becbfca520f674e345b30a", size = 13506579 },
    { url = "https://files.pythonhosted.org/packages/ca/d1/83c846e6bbab97156b0c94bd828cbe8d73d301341f79ea1efaafb7874b92/pygame_ce-2.5.2-cp312-cp312-manylinux_2_17_i686.manylinux2014_i686.whl", hash = "sha256:ba25e1d9be0a0dcf00784732e34f275f94f1c8fe6e37eef91cbd955eb20addfb", size = 14047568 },
    { url = "https://files.pythonhosted.org/packages/98/7f/2a34163bb7bcefebc06ae486e429dc20e9e44183ce58fa694bcaa679de62/pygame_ce-2.5.2-cp312-cp312-manylinux_2_17_x86_64.manylinux2014_x86_64.whl", hash = "sha256:e457343c1916c8e9655263d692150edee237b6041ec61758338294d6b3db9e85", size = 13672188 },
    { url = "https://files.pythonhosted.org/packages/8b/c0/389dde59ec3f87031acd4e5cb314f7218461def3d03148a81fe6f3cb0d78/pygame_ce-2.5.2-cp312-cp312-win32.whl", hash = "sha256:abf0acb93f906f464f3e2bccbe61210ce4346a60b2e9bc8d5c1c7a400b28df7f", size = 11187298 },
    { url = "https://files.pythonhosted.org/packages/4a/2c/a8dafd59fe0c3dd715d3a36ce5f8cbf5b4efced6423c334dae904f4388bc/pygame_ce-2.5.2-cp312-cp312-win_amd64.whl", hash = "sha256:0c1c728e7060eca42cdf1bf8b018055d47b3e18d44cdb7dbe1ef7df768513dde", size = 11647690 },
    { url = "https://files.pythonhosted.org/packages/73/37/3f5d35fb884804ac862e1c588a01b3f87db21657094081f8bab48c97f79a/pygame_ce-2.5.2-cp313-cp313-macosx_10_13_x86_64.whl", hash = "sha256:291d9cd568bcc47254ac1d1366f99800c8e68fcbdf57ccd40841cfd1abdaa037", size = 13640796 },
    { url = "https://files.pythonhosted.org/packages/6d/ac/2f41fdcf6bc26df4511ef603a71de4f587d692e1d018257ba243958a3980/pygame_ce-2.5.2-cp313-cp313-macosx_11_0_arm64.whl", hash = "sha256:7ee3cec06545e544974e7b75546bf0290db634af3c8a264faa7f18bc1a0ffa77", size = 12910261 },
    { url = "https://files.pythonhosted.org/packages/75/57/481479fa39a19c27cec186f2588fd4a475b4be08415ff001a51ac0a88896/pygame_ce-2.5.2-cp313-cp313-manylinux_2_17_aarch64.manylinux2014_aarch64.whl", hash = "sha256:f788aefb76bed53623ba33659182bacc5ad1670004b124c0a9285b65acd39da9", size = 13502495 },
    { url = "https://files.pythonhosted.org/packages/f1/cd/1f8e3761a5230e63ea364c96c5d83293e5514c28c9985caa210aa7f76283/pygame_ce-2.5.2-cp313-cp313-manylinux_2_17_i686.manylinux2014_i686.whl", hash = "sha256:fdea50f9904fb5f52957c2216966b3315424ab45a1a89157cd194ede93c95f71", size = 14045914 },
    { url = "https://files.pythonhosted.org/packages/5f/6a/b423c9ad086898677cd2bc94f8acfab353bbd528941a9596a427a284a6e2/pygame_ce-2.5.2-cp313-cp313-manylinux_2_17_x86_64.manylinux2014_x86_64.whl", hash = "sha256:da60f03332984c14561f5773dea0ce06a8ca2a132922870ea2c03097078042f4", size = 13668535 },
    { url = "https://files.pythonhosted.org/packages/68/e3/e52e03ca137441fc6165264c162caf34393fb3e2eb2e5c5fadac31f12bdc/pygame_ce-2.5.2-cp313-cp313-win32.whl", hash = "sha256:b4b21c676288afbf64cfefaa729d67de5500115e6c5e1d2aa251bcfc06dce725", size = 11185105 },
    { url = "https://files.pythonhosted.org/packages/6a/02/b6a556598d655866b3c2ad617c842e73b641079d926a566a43882454a5f4/pygame_ce-2.5.2-cp313-cp313-win_amd64.whl", hash = "sha256:bc503d5a710663d51b5c1405492bd29770e53fc69451747b0b9bb4f3a21161ff", size = 11645322 },
]

[[package]]
name = "pyqt6"
version = "6.8.0"
source = { registry = "https://pypi.org/simple" }
dependencies = [
    { name = "pyqt6-qt6" },
    { name = "pyqt6-sip" },
]
sdist = { url = "https://files.pythonhosted.org/packages/e9/0a/accbebed526158ab2aedd5c84d238159754bd99f481082b3fe7f374c6a3b/PyQt6-6.8.0.tar.gz", hash = "sha256:6d8628de4c2a050f0b74462e4c9cb97f839bf6ffabbca91711722ffb281570d9", size = 1061357 }
wheels = [
    { url = "https://files.pythonhosted.org/packages/d6/ae/30f6f40c8cdf3d5319ec7add820c6edf96d8ed2461984fd548af9e2d9b51/PyQt6-6.8.0-cp39-abi3-macosx_10_14_universal2.whl", hash = "sha256:8c5c05f5fdff31a5887dbc29b27615b09df467631238d7b449283809ffca6228", size = 12104917 },
    { url = "https://files.pythonhosted.org/packages/b4/7a/a3ecac3327345dde8f34e781d6db1339e4e3b8411ac8ae9747822a0d44e9/PyQt6-6.8.0-cp39-abi3-manylinux_2_35_x86_64.whl", hash = "sha256:452bae5840077bf0f146c798d7777f70d7bdd0c7dcfa9ee7a415c1daf2d10038", size = 8322144 },
    { url = "https://files.pythonhosted.org/packages/d0/52/1e60e38d216c232af83ac16bedf1ece419812368220485fc25af80c7a5d7/PyQt6-6.8.0-cp39-abi3-manylinux_2_39_aarch64.whl", hash = "sha256:cf7123caea14e7ecf10bd12cae48e8d9970ef7caf627bc7d7988b0baa209adb3", size = 8101586 },
    { url = "https://files.pythonhosted.org/packages/eb/73/9bae1b8daedf2acff5a3668eae84783720ff513e402b0448a906ab3d5479/PyQt6-6.8.0-cp39-abi3-win_amd64.whl", hash = "sha256:a9913d479f1ffee804bf7f232079baea4fb4b221a8f4890117588917a54ea30d", size = 6661265 },
    { url = "https://files.pythonhosted.org/packages/23/a0/f564279285ed92b4fe38ed7b2a8fcddab414512391088b6a0f67a1107f24/PyQt6-6.8.0-cp39-abi3-win_arm64.whl", hash = "sha256:48bace7b87676bba5e6114482f3a20ca20be90c7f261b5d340464313f5f2bf5e", size = 5409032 },
]

[[package]]
name = "pyqt6-qt6"
version = "6.8.1"
source = { registry = "https://pypi.org/simple" }
wheels = [
    { url = "https://files.pythonhosted.org/packages/df/0a/c47a1cc272b418faff8af79b121f0cecd32b09d634253254e3a990432220/PyQt6_Qt6-6.8.1-py3-none-macosx_10_14_x86_64.whl", hash = "sha256:1eb8460a1fdb38d0b2458c2974c01d471c1e59e4eb19ea63fc447aaba3ad530e", size = 65754939 },
    { url = "https://files.pythonhosted.org/packages/b1/e6/cc4fbc97a7d0955185e33add3ce00480f0023424d17ac6f864a504f60251/PyQt6_Qt6-6.8.1-py3-none-macosx_11_0_arm64.whl", hash = "sha256:9f3790c4ce4dc576e48b8718d55fb8743057e6cbd53a6ca1dd253ffbac9b7287", size = 59956028 },
    { url = "https://files.pythonhosted.org/packages/a1/24/907c7451901e56e5b713d70c6f65191d80a3a3caac1095fea7f2a4b0b25b/PyQt6_Qt6-6.8.1-py3-none-manylinux_2_35_x86_64.whl", hash = "sha256:08065d595f1e6fc2dde9f4450eeff89082f4bad26f600a8e9b9cc5966716bfcf", size = 72573711 },
    { url = "https://files.pythonhosted.org/packages/2b/a8/d942bb9f83ad4abd4c296cd4bbf752d1147eaa14523cc132a2b8511a3960/PyQt6_Qt6-6.8.1-py3-none-manylinux_2_39_aarch64.whl", hash = "sha256:20843cb86bd94942d1cd99e39bf1aeabb875b241a35a8ab273e4bbbfa63776db", size = 71077917 },
    { url = "https://files.pythonhosted.org/packages/ab/2c/0d45a74ea8eedf5a2a5a2628396fb2e26107ae07f6c73d6d22c7fa3d4403/PyQt6_Qt6-6.8.1-py3-none-win_amd64.whl", hash = "sha256:006d786693d0511fbcf184a862edbd339c6ed1bb3bd9de363d73a19ed4b23dff", size = 71647964 },
    { url = "https://files.pythonhosted.org/packages/c9/0d/b86b64f0ac5e08b1bd18edac9e949897a4626196725e9a86af4e9f628c80/PyQt6_Qt6-6.8.1-py3-none-win_arm64.whl", hash = "sha256:a8bc2ed4ee5e7c6ff4dd1c7db0b27705d151fee5dc232bbd1bf17618f937f515", size = 47836492 },
]

[[package]]
name = "pyqt6-sip"
version = "13.9.1"
source = { registry = "https://pypi.org/simple" }
sdist = { url = "https://files.pythonhosted.org/packages/2a/e4/f39ca1fd6de7d4823d964a3ec33e85b6f51a9c2a7a1e95956b7a92c8acc9/pyqt6_sip-13.9.1.tar.gz", hash = "sha256:15be741d1ae8c82bb7afe9a61f3cf8c50457f7d61229a1c39c24cd6e8f4d86dc", size = 92358 }
wheels = [
    { url = "https://files.pythonhosted.org/packages/34/19/6df209c4f1a3fbae0a90c8f37b0205ce42d61d8d762e4a539fceeabee340/PyQt6_sip-13.9.1-cp312-cp312-macosx_10_9_universal2.whl", hash = "sha256:1fb405615970e85b622b13b4cad140ff1e4182eb8334a0b27a4698e6217b89b0", size = 112248 },
    { url = "https://files.pythonhosted.org/packages/6b/81/9df86e90a8dd1f6f5faa1199af03e208f5dd3193e462e541e276001d098c/PyQt6_sip-13.9.1-cp312-cp312-manylinux_2_17_aarch64.manylinux2014_aarch64.whl", hash = "sha256:c800db3464481e87b1d2b84523b075df1e8fc7856c6f9623dc243f89be1cb604", size = 322310 },
    { url = "https://files.pythonhosted.org/packages/dd/4d/e263f045c97c2398fbd762d07295140b628a611da5f37744324080a86a1d/PyQt6_sip-13.9.1-cp312-cp312-manylinux_2_5_x86_64.manylinux1_x86_64.whl", hash = "sha256:c1942e107b0243ced9e510d507e0f27aeea9d6b13e0a1b7c06fd52a62e0d41f7", size = 303638 },
    { url = "https://files.pythonhosted.org/packages/28/9f/047a3b28265b39ff151981da84fde7895b87b94131db4b044a6125df9a4a/PyQt6_sip-13.9.1-cp312-cp312-win_amd64.whl", hash = "sha256:552ff8fdc41f5769d3eccc661f022ed496f55f6e0a214c20aaf56e56385d61b6", size = 53498 },
    { url = "https://files.pythonhosted.org/packages/92/af/17a92b67db31a086bd693bf97d98aa2f45427e7982df53f59cdc26899979/PyQt6_sip-13.9.1-cp312-cp312-win_arm64.whl", hash = "sha256:976c7758f668806d4df7a8853f390ac123d5d1f73591ed368bdb8963574ff589", size = 45335 },
    { url = "https://files.pythonhosted.org/packages/4b/10/43eab7a9cd26f3ba81220f2ec7a7c471c232df738dd5787affcc00d75aa9/PyQt6_sip-13.9.1-cp313-cp313-macosx_10_13_universal2.whl", hash = "sha256:56ce0afb19cd8a8c63ff93ae506dffb74f844b88adaa6673ebc0dec43af48a76", size = 112278 },
    { url = "https://files.pythonhosted.org/packages/31/ba/b0cb5ad4d44265213d50b8e7b24a9c1605baf242019e51104dd87499d68f/PyQt6_sip-13.9.1-cp313-cp313-manylinux_2_17_aarch64.manylinux2014_aarch64.whl", hash = "sha256:5d7726556d1ca7a7ed78e19ba53285b64a2a8f6ad7ff4cb18a1832efca1a3102", size = 322531 },
    { url = "https://files.pythonhosted.org/packages/ba/73/556391d6115e87972d8c88b757b4db614af4fb8579ce28030965fe793fe7/PyQt6_sip-13.9.1-cp313-cp313-manylinux_2_5_x86_64.manylinux1_x86_64.whl", hash = "sha256:14f95c6352e3b85dc26bf59cfbf77a470ecbd5fcdcf00af4b648f0e1b9eefb9e", size = 303760 },
    { url = "https://files.pythonhosted.org/packages/d8/5b/7321bb2564673bc4facfed338553bc42542f2ae05cbea1c8b57a596ab28d/PyQt6_sip-13.9.1-cp313-cp313-win_amd64.whl", hash = "sha256:3c269052c770c09b61fce2f2f9ea934a67dfc65f443d59629b4ccc8f89751890", size = 53509 },
    { url = "https://files.pythonhosted.org/packages/cf/b6/eabe1d0fdcc56c80325c5a2cc361ae3e57b3346cb7700b707481d3977a24/PyQt6_sip-13.9.1-cp313-cp313-win_arm64.whl", hash = "sha256:8b2ac36d6e04db6099614b9c1178a2f87788c7ffc3826571fb63d36ddb4c401d", size = 45358 },
]

[[package]]
name = "pyside6"
version = "6.8.1"
source = { registry = "https://pypi.org/simple" }
dependencies = [
    { name = "pyside6-addons" },
    { name = "pyside6-essentials" },
    { name = "shiboken6" },
]
wheels = [
    { url = "https://files.pythonhosted.org/packages/3f/64/3a56578e01a4d282f15c42f2f0a0322c1e010d1339901d1a52880a678806/PySide6-6.8.1-cp39-abi3-macosx_12_0_universal2.whl", hash = "sha256:6d1fd95651cdbdea741af21e155350986eca31ff015fc4c721ce01c2a110a4cc", size = 531916 },
    { url = "https://files.pythonhosted.org/packages/cf/9b/923e4bf34c85e04f7b60e89e27e150a08b5e6a2b5950227e3010c6d9d2ba/PySide6-6.8.1-cp39-abi3-manylinux_2_28_x86_64.whl", hash = "sha256:7d6adc5d53313249bbe02edb673877c1d437e215d71e88da78412520653f5c9f", size = 532709 },
    { url = "https://files.pythonhosted.org/packages/7e/7e/366c05e29a17a9e85edffd147dacfbabc76ee7e6e0f9583328559eb74fbb/PySide6-6.8.1-cp39-abi3-manylinux_2_39_aarch64.whl", hash = "sha256:ddeeaeca8ebd0ddb1ded30dd33e9240a40f330cc91832de346ba6c9d0cd1253e", size = 532709 },
    { url = "https://files.pythonhosted.org/packages/68/e6/4cffea422cca3f5bc3d595739b3a35ee710e9864f8ca5c6cf48376864ac0/PySide6-6.8.1-cp39-abi3-win_amd64.whl", hash = "sha256:866eeaca3ffead6b9d30fa3ed395d5624da0246d7586c8b8207e77ac65d82458", size = 538388 },
]

[[package]]
name = "pyside6-addons"
version = "6.8.1"
source = { registry = "https://pypi.org/simple" }
dependencies = [
    { name = "pyside6-essentials" },
    { name = "shiboken6" },
]
wheels = [
    { url = "https://files.pythonhosted.org/packages/ee/3d/7fb4334d5250a9fa23ca57b81a77e60edf77d2f60bc5ca0ba9a8e3bc56fb/PySide6_Addons-6.8.1-cp39-abi3-macosx_12_0_universal2.whl", hash = "sha256:879c12346b4b76f5d5ee6499d8ca53b5666c0c998b8fdf8780f08f69ea95d6f9", size = 302212966 },
    { url = "https://files.pythonhosted.org/packages/e4/f6/f3071f51e39e9fbe186aafc1c8d8a0b2a4bd9eb393fee702b73ed3eef5ae/PySide6_Addons-6.8.1-cp39-abi3-manylinux_2_28_x86_64.whl", hash = "sha256:f80cc03c1ac54132c6f800aa461dced64acd7d1646898db164ccb56fe3c23dd4", size = 160308867 },
    { url = "https://files.pythonhosted.org/packages/48/12/9ff2937b571feccde5261e5be6806bdc5208f29a826783bacec756667384/PySide6_Addons-6.8.1-cp39-abi3-manylinux_2_39_aarch64.whl", hash = "sha256:570a25016d80046274f454ed0bb06734f478ce6c21be5dec62b624773fc7504e", size = 156107988 },
    { url = "https://files.pythonhosted.org/packages/ca/71/32e2cadc50996ea855d35baba03e0b783f5ed9ae82f3da67623e66ef44a5/PySide6_Addons-6.8.1-cp39-abi3-win_amd64.whl", hash = "sha256:d7c8c1e89ee0db84631d5b8fdb9129d9d2a0ffb3b4cb2f5192dc8367dd980db4", size = 127967740 },
]

[[package]]
name = "pyside6-essentials"
version = "6.8.1"
source = { registry = "https://pypi.org/simple" }
dependencies = [
    { name = "shiboken6" },
]
wheels = [
    { url = "https://files.pythonhosted.org/packages/2c/b9/1de4473bc02b9bd325b996352f88db3a235e7e227a3d6a8bd6d3744ebb52/PySide6_Essentials-6.8.1-cp39-abi3-macosx_12_0_universal2.whl", hash = "sha256:bd05155245e3cd1572e68d72772e78fadfd713575bbfdd2c5e060d5278e390e9", size = 164790658 },
    { url = "https://files.pythonhosted.org/packages/b1/cc/5af1e0c0306cd75864fba49934977d0a96bec4b293b2244f6f80460c2ff5/PySide6_Essentials-6.8.1-cp39-abi3-manylinux_2_28_x86_64.whl", hash = "sha256:2f600b149e65b57acd6a444edb17615adc42cc2491548ae443ccb574036d86b1", size = 95271238 },
    { url = "https://files.pythonhosted.org/packages/49/65/21e45a27ec195e01b7af9935e8fa207c30f6afd5389e563fa4be2558281b/PySide6_Essentials-6.8.1-cp39-abi3-manylinux_2_39_aarch64.whl", hash = "sha256:bf8a3c9ee0b997eb18fb00cb09aacaa28b8a51ce3c295a252cc594c5530aba56", size = 93125810 },
    { url = "https://files.pythonhosted.org/packages/6c/6f/bdc288149c92664a487816055ba55fa5884f1e07bc35b66c5d22530d0a6d/PySide6_Essentials-6.8.1-cp39-abi3-win_amd64.whl", hash = "sha256:d5ed4ddb149f36d65bc49ae4260b2d213ee88b2d9a309012ae27f38158c2d1b6", size = 72570590 },
]

[[package]]
name = "requests"
version = "2.32.3"
source = { registry = "https://pypi.org/simple" }
dependencies = [
    { name = "certifi" },
    { name = "charset-normalizer" },
    { name = "idna" },
    { name = "urllib3" },
]
sdist = { url = "https://files.pythonhosted.org/packages/63/70/2bf7780ad2d390a8d301ad0b550f1581eadbd9a20f896afe06353c2a2913/requests-2.32.3.tar.gz", hash = "sha256:55365417734eb18255590a9ff9eb97e9e1da868d4ccd6402399eaf68af20a760", size = 131218 }
wheels = [
    { url = "https://files.pythonhosted.org/packages/f9/9b/335f9764261e915ed497fcdeb11df5dfd6f7bf257d4a6a2a686d80da4d54/requests-2.32.3-py3-none-any.whl", hash = "sha256:70761cfe03c773ceb22aa2f671b4757976145175cdfca038c02654d061d6dcc6", size = 64928 },
]

[[package]]
name = "shiboken6"
version = "6.8.1"
source = { registry = "https://pypi.org/simple" }
wheels = [
    { url = "https://files.pythonhosted.org/packages/27/66/1acae15fe8126356e8ad460b5dfdc2a17af51de9044c1a3c0e4f9ae69356/shiboken6-6.8.1-cp39-abi3-macosx_12_0_universal2.whl", hash = "sha256:9a2f51d1ddd3b6d193a0f0fdc09f8d41f2092bc664723c9b9efc1056660d0608", size = 399604 },
    { url = "https://files.pythonhosted.org/packages/58/21/e5af942e6fc5a8c6b973aac8d822415ac54041b6861c3d835be9d217f538/shiboken6-6.8.1-cp39-abi3-manylinux_2_28_x86_64.whl", hash = "sha256:1dc4c1976809b0e68872bb98474cccd590455bdcd015f0e0639907e94af27b6a", size = 203095 },
    { url = "https://files.pythonhosted.org/packages/23/a1/711c7801386d49f9261eeace3f9dbe8f21b2d28b85d4d3b9e6342379c440/shiboken6-6.8.1-cp39-abi3-manylinux_2_39_aarch64.whl", hash = "sha256:ab5b60602ca6227103138aae89c4f5df3b1b8e249cbc8ec9e6e2a57f20ad9a91", size = 200113 },
    { url = "https://files.pythonhosted.org/packages/2b/5f/3e9aa2b2fd1e24ff7e99717fa1ce3198556433e7ef611728e86f1fd70f94/shiboken6-6.8.1-cp39-abi3-win_amd64.whl", hash = "sha256:3ea127fd72be113b73cacd70e06687ad6f83c1c888047833c7dcdd5cf8e7f586", size = 1149267 },
]

[[package]]
name = "soupsieve"
version = "2.6"
source = { registry = "https://pypi.org/simple" }
sdist = { url = "https://files.pythonhosted.org/packages/d7/ce/fbaeed4f9fb8b2daa961f90591662df6a86c1abf25c548329a86920aedfb/soupsieve-2.6.tar.gz", hash = "sha256:e2e68417777af359ec65daac1057404a3c8a5455bb8abc36f1a9866ab1a51abb", size = 101569 }
wheels = [
    { url = "https://files.pythonhosted.org/packages/d1/c2/fe97d779f3ef3b15f05c94a2f1e3d21732574ed441687474db9d342a7315/soupsieve-2.6-py3-none-any.whl", hash = "sha256:e72c4ff06e4fb6e4b5a9f0f55fe6e81514581fca1515028625d0f299c602ccc9", size = 36186 },
]

[[package]]
name = "typing-extensions"
version = "4.12.2"
source = { registry = "https://pypi.org/simple" }
sdist = { url = "https://files.pythonhosted.org/packages/df/db/f35a00659bc03fec321ba8bce9420de607a1d37f8342eee1863174c69557/typing_extensions-4.12.2.tar.gz", hash = "sha256:1a7ead55c7e559dd4dee8856e3a88b41225abfe1ce8df57b7c13915fe121ffb8", size = 85321 }
wheels = [
    { url = "https://files.pythonhosted.org/packages/26/9f/ad63fc0248c5379346306f8668cda6e2e2e9c95e01216d2b8ffd9ff037d0/typing_extensions-4.12.2-py3-none-any.whl", hash = "sha256:04e5ca0351e0f3f85c6853954072df659d0d13fac324d0072316b67d7794700d", size = 37438 },
]

[[package]]
name = "urllib3"
version = "2.2.3"
source = { registry = "https://pypi.org/simple" }
sdist = { url = "https://files.pythonhosted.org/packages/ed/63/22ba4ebfe7430b76388e7cd448d5478814d3032121827c12a2cc287e2260/urllib3-2.2.3.tar.gz", hash = "sha256:e7d814a81dad81e6caf2ec9fdedb284ecc9c73076b62654547cc64ccdcae26e9", size = 300677 }
wheels = [
    { url = "https://files.pythonhosted.org/packages/ce/d9/5f4c13cecde62396b0d3fe530a50ccea91e7dfc1ccf0e09c228841bb5ba8/urllib3-2.2.3-py3-none-any.whl", hash = "sha256:ca899ca043dcb1bafa3e262d73aa25c465bfb49e0bd9dd5d59f1d0acba2f8fac", size = 126338 },
]
